
Microsoft Visual Studio Solution File, Format Version 12.00
# Visual Studio Version 17
VisualStudioVersion = 17.5.33424.131
MinimumVisualStudioVersion = 10.0.40219.1
Project("{9A19103F-16F7-4668-BE54-9A1E7A4F7556}") = "ECommerce.Api.Products", "ECommerce.Api.Products\ECommerce.Api.Products.csproj", "{7F50D635-5DA9-44A8-AF77-85CB7B599480}"
EndProject
Project("{9A19103F-16F7-4668-BE54-9A1E7A4F7556}") = "ECommerce.Api.Customers", "ECommerce.Api.Customers\ECommerce.Api.Customers.csproj", "{40905851-7C1E-44EB-BC14-DAB7DB4E1CE6}"
EndProject
Project("{9A19103F-16F7-4668-BE54-9A1E7A4F7556}") = "ECommerce.Api.Orders", "ECommerce.Api.Orders\ECommerce.Api.Orders.csproj", "{C6D3E9DD-5DCE-4F8B-8866-A76F0F4F41E1}"
EndProject
Project("{9A19103F-16F7-4668-BE54-9A1E7A4F7556}") = "ECommerce.Api.Search", "ECommerce.Api.Search\ECommerce.Api.Search.csproj", "{A92BF0DE-EE62-4B13-95EF-FD3D6AB47AD5}"
EndProject
Project("{FAE04EC0-301F-11D3-BF4B-00C04F79EFBC}") = "ECommerce.Api.Products.Tests", "ECommerce.Api.Products.Tests\ECommerce.Api.Products.Tests.csproj", "{EC030009-9F0F-4194-B579-AD9B2E276A37}"
EndProject
Global
	GlobalSection(SolutionConfigurationPlatforms) = preSolution
		Debug|Any CPU = Debug|Any CPU
		Release|Any CPU = Release|Any CPU
	EndGlobalSection
	GlobalSection(ProjectConfigurationPlatforms) = postSolution
		{7F50D635-5DA9-44A8-AF77-85CB7B599480}.Debug|Any CPU.ActiveCfg = Debug|Any CPU
		{7F50D635-5DA9-44A8-AF77-85CB7B599480}.Debug|Any CPU.Build.0 = Debug|Any CPU
		{7F50D635-5DA9-44A8-AF77-85CB7B599480}.Release|Any CPU.ActiveCfg = Release|Any CPU
		{7F50D635-5DA9-44A8-AF77-85CB7B599480}.Release|Any CPU.Build.0 = Release|Any CPU
		{40905851-7C1E-44EB-BC14-DAB7DB4E1CE6}.Debug|Any CPU.ActiveCfg = Debug|Any CPU
		{40905851-7C1E-44EB-BC14-DAB7DB4E1CE6}.Debug|Any CPU.Build.0 = Debug|Any CPU
		{40905851-7C1E-44EB-BC14-DAB7DB4E1CE6}.Release|Any CPU.ActiveCfg = Release|Any CPU
		{40905851-7C1E-44EB-BC14-DAB7DB4E1CE6}.Release|Any CPU.Build.0 = Release|Any CPU
		{C6D3E9DD-5DCE-4F8B-8866-A76F0F4F41E1}.Debug|Any CPU.ActiveCfg = Debug|Any CPU
		{C6D3E9DD-5DCE-4F8B-8866-A76F0F4F41E1}.Debug|Any CPU.Build.0 = Debug|Any CPU
		{C6D3E9DD-5DCE-4F8B-8866-A76F0F4F41E1}.Release|Any CPU.ActiveCfg = Release|Any CPU
		{C6D3E9DD-5DCE-4F8B-8866-A76F0F4F41E1}.Release|Any CPU.Build.0 = Release|Any CPU
		{A92BF0DE-EE62-4B13-95EF-FD3D6AB47AD5}.Debug|Any CPU.ActiveCfg = Debug|Any CPU
		{A92BF0DE-EE62-4B13-95EF-FD3D6AB47AD5}.Debug|Any CPU.Build.0 = Debug|Any CPU
		{A92BF0DE-EE62-4B13-95EF-FD3D6AB47AD5}.Release|Any CPU.ActiveCfg = Release|Any CPU
		{A92BF0DE-EE62-4B13-95EF-FD3D6AB47AD5}.Release|Any CPU.Build.0 = Release|Any CPU
		{EC030009-9F0F-4194-B579-AD9B2E276A37}.Debug|Any CPU.ActiveCfg = Debug|Any CPU
		{EC030009-9F0F-4194-B579-AD9B2E276A37}.Debug|Any CPU.Build.0 = Debug|Any CPU
		{EC030009-9F0F-4194-B579-AD9B2E276A37}.Release|Any CPU.ActiveCfg = Release|Any CPU
		{EC030009-9F0F-4194-B579-AD9B2E276A37}.Release|Any CPU.Build.0 = Release|Any CPU
	EndGlobalSection
	GlobalSection(SolutionProperties) = preSolution
		HideSolutionNode = FALSE
	EndGlobalSection
	GlobalSection(ExtensibilityGlobals) = postSolution
		SolutionGuid = {AD622B3B-6D67-4C98-92E9-BCB0EC61608A}
	EndGlobalSection
EndGlobal
